// !$*UTF8*$!
{
	archiveVersion = 1;
	classes = {
	};
	objectVersion = 55;
	objects = {

/* Begin PBXBuildFile section */
		269403DD29C5E08F0074D8DA /* AppDelegate.swift in Sources */ = {isa = PBXBuildFile; fileRef = 269403DC29C5E08F0074D8DA /* AppDelegate.swift */; };
		269403DF29C5E08F0074D8DA /* SceneDelegate.swift in Sources */ = {isa = PBXBuildFile; fileRef = 269403DE29C5E08F0074D8DA /* SceneDelegate.swift */; };
		269403E129C5E08F0074D8DA /* ViewController.swift in Sources */ = {isa = PBXBuildFile; fileRef = 269403E029C5E08F0074D8DA /* ViewController.swift */; };
		269403E429C5E08F0074D8DA /* Main.storyboard in Resources */ = {isa = PBXBuildFile; fileRef = 269403E229C5E08F0074D8DA /* Main.storyboard */; };
		269403E729C5E08F0074D8DA /* iOSTestDemo_S.xcdatamodeld in Sources */ = {isa = PBXBuildFile; fileRef = 269403E529C5E08F0074D8DA /* iOSTestDemo_S.xcdatamodeld */; };
		269403E929C5E0910074D8DA /* Assets.xcassets in Resources */ = {isa = PBXBuildFile; fileRef = 269403E829C5E0910074D8DA /* Assets.xcassets */; };
		269403EC29C5E0910074D8DA /* LaunchScreen.storyboard in Resources */ = {isa = PBXBuildFile; fileRef = 269403EA29C5E0910074D8DA /* LaunchScreen.storyboard */; };
		269403F729C5E0910074D8DA /* iOSTestDemo_STests.swift in Sources */ = {isa = PBXBuildFile; fileRef = 269403F629C5E0910074D8DA /* iOSTestDemo_STests.swift */; };
		2694040129C5E0910074D8DA /* iOSTestDemo_SUITests.swift in Sources */ = {isa = PBXBuildFile; fileRef = 2694040029C5E0910074D8DA /* iOSTestDemo_SUITests.swift */; };
		2694040329C5E0910074D8DA /* iOSTestDemo_SUITestsLaunchTests.swift in Sources */ = {isa = PBXBuildFile; fileRef = 2694040229C5E0910074D8DA /* iOSTestDemo_SUITestsLaunchTests.swift */; };
/* End PBXBuildFile section */

/* Begin PBXContainerItemProxy section */
		269403F329C5E0910074D8DA /* PBXContainerItemProxy */ = {
			isa = PBXContainerItemProxy;
			containerPortal = 269403D129C5E08F0074D8DA /* Project object */;
			proxyType = 1;
			remoteGlobalIDString = 269403D829C5E08F0074D8DA;
			remoteInfo = iOSTestDemo_S;
		};
		269403FD29C5E0910074D8DA /* PBXContainerItemProxy */ = {
			isa = PBXContainerItemProxy;
			containerPortal = 269403D129C5E08F0074D8DA /* Project object */;
			proxyType = 1;
			remoteGlobalIDString = 269403D829C5E08F0074D8DA;
			remoteInfo = iOSTestDemo_S;
		};
/* End PBXContainerItemProxy section */

/* Begin PBXFileReference section */
		269403D929C5E08F0074D8DA /* iOSTestDemo_S.app */ = {isa = PBXFileReference; explicitFileType = wrapper.application; includeInIndex = 0; path = iOSTestDemo_S.app; sourceTree = BUILT_PRODUCTS_DIR; };
		269403DC29C5E08F0074D8DA /* AppDelegate.swift */ = {isa = PBXFileReference; lastKnownFileType = sourcecode.swift; path = AppDelegate.swift; sourceTree = "<group>"; };
		269403DE29C5E08F0074D8DA /* SceneDelegate.swift */ = {isa = PBXFileReference; lastKnownFileType = sourcecode.swift; path = SceneDelegate.swift; sourceTree = "<group>"; };
		269403E029C5E08F0074D8DA /* ViewController.swift */ = {isa = PBXFileReference; lastKnownFileType = sourcecode.swift; path = ViewController.swift; sourceTree = "<group>"; };
		269403E329C5E08F0074D8DA /* Base */ = {isa = PBXFileReference; lastKnownFileType = file.storyboard; name = Base; path = Base.lproj/Main.storyboard; sourceTree = "<group>"; };
		269403E629C5E08F0074D8DA /* iOSTestDemo_S.xcdatamodel */ = {isa = PBXFileReference; lastKnownFileType = wrapper.xcdatamodel; path = iOSTestDemo_S.xcdatamodel; sourceTree = "<group>"; };
		269403E829C5E0910074D8DA /* Assets.xcassets */ = {isa = PBXFileReference; lastKnownFileType = folder.assetcatalog; path = Assets.xcassets; sourceTree = "<group>"; };
		269403EB29C5E0910074D8DA /* Base */ = {isa = PBXFileReference; lastKnownFileType = file.storyboard; name = Base; path = Base.lproj/LaunchScreen.storyboard; sourceTree = "<group>"; };
		269403ED29C5E0910074D8DA /* Info.plist */ = {isa = PBXFileReference; lastKnownFileType = text.plist.xml; path = Info.plist; sourceTree = "<group>"; };
		269403F229C5E0910074D8DA /* iOSTestDemo_STests.xctest */ = {isa = PBXFileReference; explicitFileType = wrapper.cfbundle; includeInIndex = 0; path = iOSTestDemo_STests.xctest; sourceTree = BUILT_PRODUCTS_DIR; };
		269403F629C5E0910074D8DA /* iOSTestDemo_STests.swift */ = {isa = PBXFileReference; lastKnownFileType = sourcecode.swift; path = iOSTestDemo_STests.swift; sourceTree = "<group>"; };
		269403FC29C5E0910074D8DA /* iOSTestDemo_SUITests.xctest */ = {isa = PBXFileReference; explicitFileType = wrapper.cfbundle; includeInIndex = 0; path = iOSTestDemo_SUITests.xctest; sourceTree = BUILT_PRODUCTS_DIR; };
		2694040029C5E0910074D8DA /* iOSTestDemo_SUITests.swift */ = {isa = PBXFileReference; lastKnownFileType = sourcecode.swift; path = iOSTestDemo_SUITests.swift; sourceTree = "<group>"; };
		2694040229C5E0910074D8DA /* iOSTestDemo_SUITestsLaunchTests.swift */ = {isa = PBXFileReference; lastKnownFileType = sourcecode.swift; path = iOSTestDemo_SUITestsLaunchTests.swift; sourceTree = "<group>"; };
/* End PBXFileReference section */

/* Begin PBXFrameworksBuildPhase section */
		269403D629C5E08F0074D8DA /* Frameworks */ = {
			isa = PBXFrameworksBuildPhase;
			buildActionMask = 2147483647;
			files = (
			);
			runOnlyForDeploymentPostprocessing = 0;
		};
		269403EF29C5E0910074D8DA /* Frameworks */ = {
			isa = PBXFrameworksBuildPhase;
			buildActionMask = 2147483647;
			files = (
			);
			runOnlyForDeploymentPostprocessing = 0;
		};
		269403F929C5E0910074D8DA /* Frameworks */ = {
			isa = PBXFrameworksBuildPhase;
			buildActionMask = 2147483647;
			files = (
			);
			runOnlyForDeploymentPostprocessing = 0;
		};
/* End PBXFrameworksBuildPhase section */

/* Begin PBXGroup section */
		269403D029C5E08F0074D8DA = {
			isa = PBXGroup;
			children = (
				269403DB29C5E08F0074D8DA /* iOSTestDemo_S */,
				269403F529C5E0910074D8DA /* iOSTestDemo_STests */,
				269403FF29C5E0910074D8DA /* iOSTestDemo_SUITests */,
				269403DA29C5E08F0074D8DA /* Products */,
			);
			sourceTree = "<group>";
		};
		269403DA29C5E08F0074D8DA /* Products */ = {
			isa = PBXGroup;
			children = (
				269403D929C5E08F0074D8DA /* iOSTestDemo_S.app */,
				269403F229C5E0910074D8DA /* iOSTestDemo_STests.xctest */,
				269403FC29C5E0910074D8DA /* iOSTestDemo_SUITests.xctest */,
			);
			name = Products;
			sourceTree = "<group>";
		};
		269403DB29C5E08F0074D8DA /* iOSTestDemo_S */ = {
			isa = PBXGroup;
			children = (
				269403DC29C5E08F0074D8DA /* AppDelegate.swift */,
				269403DE29C5E08F0074D8DA /* SceneDelegate.swift */,
				269403E029C5E08F0074D8DA /* ViewController.swift */,
				269403E229C5E08F0074D8DA /* Main.storyboard */,
				269403E829C5E0910074D8DA /* Assets.xcassets */,
				269403EA29C5E0910074D8DA /* LaunchScreen.storyboard */,
				269403ED29C5E0910074D8DA /* Info.plist */,
				269403E529C5E08F0074D8DA /* iOSTestDemo_S.xcdatamodeld */,
			);
			path = iOSTestDemo_S;
			sourceTree = "<group>";
		};
		269403F529C5E0910074D8DA /* iOSTestDemo_STests */ = {
			isa = PBXGroup;
			children = (
				269403F629C5E0910074D8DA /* iOSTestDemo_STests.swift */,
			);
			path = iOSTestDemo_STests;
			sourceTree = "<group>";
		};
		269403FF29C5E0910074D8DA /* iOSTestDemo_SUITests */ = {
			isa = PBXGroup;
			children = (
				2694040029C5E0910074D8DA /* iOSTestDemo_SUITests.swift */,
				2694040229C5E0910074D8DA /* iOSTestDemo_SUITestsLaunchTests.swift */,
			);
			path = iOSTestDemo_SUITests;
			sourceTree = "<group>";
		};
/* End PBXGroup section */

/* Begin PBXNativeTarget section */
		269403D829C5E08F0074D8DA /* iOSTestDemo_S */ = {
			isa = PBXNativeTarget;
			buildConfigurationList = 2694040629C5E0910074D8DA /* Build configuration list for PBXNativeTarget "iOSTestDemo_S" */;
			buildPhases = (
				269403D529C5E08F0074D8DA /* Sources */,
				269403D629C5E08F0074D8DA /* Frameworks */,
				269403D729C5E08F0074D8DA /* Resources */,
			);
			buildRules = (
			);
			dependencies = (
			);
			name = iOSTestDemo_S;
			productName = iOSTestDemo_S;
			productReference = 269403D929C5E08F0074D8DA /* iOSTestDemo_S.app */;
			productType = "com.apple.product-type.application";
		};
		269403F129C5E0910074D8DA /* iOSTestDemo_STests */ = {
			isa = PBXNativeTarget;
			buildConfigurationList = 2694040929C5E0910074D8DA /* Build configuration list for PBXNativeTarget "iOSTestDemo_STests" */;
			buildPhases = (
				269403EE29C5E0910074D8DA /* Sources */,
				269403EF29C5E0910074D8DA /* Frameworks */,
				269403F029C5E0910074D8DA /* Resources */,
			);
			buildRules = (
			);
			dependencies = (
				269403F429C5E0910074D8DA /* PBXTargetDependency */,
			);
			name = iOSTestDemo_STests;
			productName = iOSTestDemo_STests;
			productReference = 269403F229C5E0910074D8DA /* iOSTestDemo_STests.xctest */;
			productType = "com.apple.product-type.bundle.unit-test";
		};
		269403FB29C5E0910074D8DA /* iOSTestDemo_SUITests */ = {
			isa = PBXNativeTarget;
			buildConfigurationList = 2694040C29C5E0910074D8DA /* Build configuration list for PBXNativeTarget "iOSTestDemo_SUITests" */;
			buildPhases = (
				269403F829C5E0910074D8DA /* Sources */,
				269403F929C5E0910074D8DA /* Frameworks */,
				269403FA29C5E0910074D8DA /* Resources */,
			);
			buildRules = (
			);
			dependencies = (
				269403FE29C5E0910074D8DA /* PBXTargetDependency */,
			);
			name = iOSTestDemo_SUITests;
			productName = iOSTestDemo_SUITests;
			productReference = 269403FC29C5E0910074D8DA /* iOSTestDemo_SUITests.xctest */;
			productType = "com.apple.product-type.bundle.ui-testing";
		};
/* End PBXNativeTarget section */

/* Begin PBXProject section */
		269403D129C5E08F0074D8DA /* Project object */ = {
			isa = PBXProject;
			attributes = {
				BuildIndependentTargetsInParallel = 1;
				LastSwiftUpdateCheck = 1330;
				LastUpgradeCheck = 1330;
				TargetAttributes = {
					269403D829C5E08F0074D8DA = {
						CreatedOnToolsVersion = 13.3;
					};
					269403F129C5E0910074D8DA = {
						CreatedOnToolsVersion = 13.3;
						TestTargetID = 269403D829C5E08F0074D8DA;
					};
					269403FB29C5E0910074D8DA = {
						CreatedOnToolsVersion = 13.3;
						TestTargetID = 269403D829C5E08F0074D8DA;
					};
				};
			};
			buildConfigurationList = 269403D429C5E08F0074D8DA /* Build configuration list for PBXProject "iOSTestDemo_S" */;
			compatibilityVersion = "Xcode 13.0";
			developmentRegion = en;
			hasScannedForEncodings = 0;
			knownRegions = (
				en,
				Base,
			);
			mainGroup = 269403D029C5E08F0074D8DA;
			productRefGroup = 269403DA29C5E08F0074D8DA /* Products */;
			projectDirPath = "";
			projectRoot = "";
			targets = (
				269403D829C5E08F0074D8DA /* iOSTestDemo_S */,
				269403F129C5E0910074D8DA /* iOSTestDemo_STests */,
				269403FB29C5E0910074D8DA /* iOSTestDemo_SUITests */,
			);
		};
/* End PBXProject section */

/* Begin PBXResourcesBuildPhase section */
		269403D729C5E08F0074D8DA /* Resources */ = {
			isa = PBXResourcesBuildPhase;
			buildActionMask = 2147483647;
			files = (
				269403EC29C5E0910074D8DA /* LaunchScreen.storyboard in Resources */,
				269403E929C5E0910074D8DA /* Assets.xcassets in Resources */,
				269403E429C5E08F0074D8DA /* Main.storyboard in Resources */,
			);
			runOnlyForDeploymentPostprocessing = 0;
		};
		269403F029C5E0910074D8DA /* Resources */ = {
			isa = PBXResourcesBuildPhase;
			buildActionMask = 2147483647;
			files = (
			);
			runOnlyForDeploymentPostprocessing = 0;
		};
		269403FA29C5E0910074D8DA /* Resources */ = {
			isa = PBXResourcesBuildPhase;
			buildActionMask = 2147483647;
			files = (
			);
			runOnlyForDeploymentPostprocessing = 0;
		};
/* End PBXResourcesBuildPhase section */

/* Begin PBXSourcesBuildPhase section */
		269403D529C5E08F0074D8DA /* Sources */ = {
			isa = PBXSourcesBuildPhase;
			buildActionMask = 2147483647;
			files = (
				269403E729C5E08F0074D8DA /* iOSTestDemo_S.xcdatamodeld in Sources */,
				269403E129C5E08F0074D8DA /* ViewController.swift in Sources */,
				269403DD29C5E08F0074D8DA /* AppDelegate.swift in Sources */,
				269403DF29C5E08F0074D8DA /* SceneDelegate.swift in Sources */,
			);
			runOnlyForDeploymentPostprocessing = 0;
		};
		269403EE29C5E0910074D8DA /* Sources */ = {
			isa = PBXSourcesBuildPhase;
			buildActionMask = 2147483647;
			files = (
				269403F729C5E0910074D8DA /* iOSTestDemo_STests.swift in Sources */,
			);
			runOnlyForDeploymentPostprocessing = 0;
		};
		269403F829C5E0910074D8DA /* Sources */ = {
			isa = PBXSourcesBuildPhase;
			buildActionMask = 2147483647;
			files = (
				2694040129C5E0910074D8DA /* iOSTestDemo_SUITests.swift in Sources */,
				2694040329C5E0910074D8DA /* iOSTestDemo_SUITestsLaunchTests.swift in Sources */,
			);
			runOnlyForDeploymentPostprocessing = 0;
		};
/* End PBXSourcesBuildPhase section */

/* Begin PBXTargetDependency section */
		269403F429C5E0910074D8DA /* PBXTargetDependency */ = {
			isa = PBXTargetDependency;
			target = 269403D829C5E08F0074D8DA /* iOSTestDemo_S */;
			targetProxy = 269403F329C5E0910074D8DA /* PBXContainerItemProxy */;
		};
		269403FE29C5E0910074D8DA /* PBXTargetDependency */ = {
			isa = PBXTargetDependency;
			target = 269403D829C5E08F0074D8DA /* iOSTestDemo_S */;
			targetProxy = 269403FD29C5E0910074D8DA /* PBXContainerItemProxy */;
		};
/* End PBXTargetDependency section */

/* Begin PBXVariantGroup section */
		269403E229C5E08F0074D8DA /* Main.storyboard */ = {
			isa = PBXVariantGroup;
			children = (
				269403E329C5E08F0074D8DA /* Base */,
			);
			name = Main.storyboard;
			sourceTree = "<group>";
		};
		269403EA29C5E0910074D8DA /* LaunchScreen.storyboard */ = {
			isa = PBXVariantGroup;
			children = (
				269403EB29C5E0910074D8DA /* Base */,
			);
			name = LaunchScreen.storyboard;
			sourceTree = "<group>";
		};
/* End PBXVariantGroup section */

/* Begin XCBuildConfiguration section */
		2694040429C5E0910074D8DA /* Debug */ = {
			isa = XCBuildConfiguration;
			buildSettings = {
				ALWAYS_SEARCH_USER_PATHS = NO;
				CLANG_ANALYZER_NONNULL = YES;
				CLANG_ANALYZER_NUMBER_OBJECT_CONVERSION = YES_AGGRESSIVE;
				CLANG_CXX_LANGUAGE_STANDARD = "gnu++17";
				CLANG_ENABLE_MODULES = YES;
				CLANG_ENABLE_OBJC_ARC = YES;
				CLANG_ENABLE_OBJC_WEAK = YES;
				CLANG_WARN_BLOCK_CAPTURE_AUTORELEASING = YES;
				CLANG_WARN_BOOL_CONVERSION = YES;
				CLANG_WARN_COMMA = YES;
				CLANG_WARN_CONSTANT_CONVERSION = YES;
				CLANG_WARN_DEPRECATED_OBJC_IMPLEMENTATIONS = YES;
				CLANG_WARN_DIRECT_OBJC_ISA_USAGE = YES_ERROR;
				CLANG_WARN_DOCUMENTATION_COMMENTS = YES;
				CLANG_WARN_EMPTY_BODY = YES;
				CLANG_WARN_ENUM_CONVERSION = YES;
				CLANG_WARN_INFINITE_RECURSION = YES;
				CLANG_WARN_INT_CONVERSION = YES;
				CLANG_WARN_NON_LITERAL_NULL_CONVERSION = YES;
				CLANG_WARN_OBJC_IMPLICIT_RETAIN_SELF = YES;
				CLANG_WARN_OBJC_LITERAL_CONVERSION = YES;
				CLANG_WARN_OBJC_ROOT_CLASS = YES_ERROR;
				CLANG_WARN_QUOTED_INCLUDE_IN_FRAMEWORK_HEADER = YES;
				CLANG_WARN_RANGE_LOOP_ANALYSIS = YES;
				CLANG_WARN_STRICT_PROTOTYPES = YES;
				CLANG_WARN_SUSPICIOUS_MOVE = YES;
				CLANG_WARN_UNGUARDED_AVAILABILITY = YES_AGGRESSIVE;
				CLANG_WARN_UNREACHABLE_CODE = YES;
				CLANG_WARN__DUPLICATE_METHOD_MATCH = YES;
				COPY_PHASE_STRIP = NO;
				DEBUG_INFORMATION_FORMAT = dwarf;
				ENABLE_STRICT_OBJC_MSGSEND = YES;
				ENABLE_TESTABILITY = YES;
				GCC_C_LANGUAGE_STANDARD = gnu11;
				GCC_DYNAMIC_NO_PIC = NO;
				GCC_NO_COMMON_BLOCKS = YES;
				GCC_OPTIMIZATION_LEVEL = 0;
				GCC_PREPROCESSOR_DEFINITIONS = (
					"DEBUG=1",
					"$(inherited)",
				);
				GCC_WARN_64_TO_32_BIT_CONVERSION = YES;
				GCC_WARN_ABOUT_RETURN_TYPE = YES_ERROR;
				GCC_WARN_UNDECLARED_SELECTOR = YES;
				GCC_WARN_UNINITIALIZED_AUTOS = YES_AGGRESSIVE;
				GCC_WARN_UNUSED_FUNCTION = YES;
				GCC_WARN_UNUSED_VARIABLE = YES;
				IPHONEOS_DEPLOYMENT_TARGET = 15.4;
				MTL_ENABLE_DEBUG_INFO = INCLUDE_SOURCE;
				MTL_FAST_MATH = YES;
				ONLY_ACTIVE_ARCH = YES;
				SDKROOT = iphoneos;
				SWIFT_ACTIVE_COMPILATION_CONDITIONS = DEBUG;
				SWIFT_OPTIMIZATION_LEVEL = "-Onone";
			};
			name = Debug;
		};
		2694040529C5E0910074D8DA /* Release */ = {
			isa = XCBuildConfiguration;
			buildSettings = {
				ALWAYS_SEARCH_USER_PATHS = NO;
				CLANG_ANALYZER_NONNULL = YES;
				CLANG_ANALYZER_NUMBER_OBJECT_CONVERSION = YES_AGGRESSIVE;
				CLANG_CXX_LANGUAGE_STANDARD = "gnu++17";
				CLANG_ENABLE_MODULES = YES;
				CLANG_ENABLE_OBJC_ARC = YES;
				CLANG_ENABLE_OBJC_WEAK = YES;
				CLANG_WARN_BLOCK_CAPTURE_AUTORELEASING = YES;
				CLANG_WARN_BOOL_CONVERSION = YES;
				CLANG_WARN_COMMA = YES;
				CLANG_WARN_CONSTANT_CONVERSION = YES;
				CLANG_WARN_DEPRECATED_OBJC_IMPLEMENTATIONS = YES;
				CLANG_WARN_DIRECT_OBJC_ISA_USAGE = YES_ERROR;
				CLANG_WARN_DOCUMENTATION_COMMENTS = YES;
				CLANG_WARN_EMPTY_BODY = YES;
				CLANG_WARN_ENUM_CONVERSION = YES;
				CLANG_WARN_INFINITE_RECURSION = YES;
				CLANG_WARN_INT_CONVERSION = YES;
				CLANG_WARN_NON_LITERAL_NULL_CONVERSION = YES;
				CLANG_WARN_OBJC_IMPLICIT_RETAIN_SELF = YES;
				CLANG_WARN_OBJC_LITERAL_CONVERSION = YES;
				CLANG_WARN_OBJC_ROOT_CLASS = YES_ERROR;
				CLANG_WARN_QUOTED_INCLUDE_IN_FRAMEWORK_HEADER = YES;
				CLANG_WARN_RANGE_LOOP_ANALYSIS = YES;
				CLANG_WARN_STRICT_PROTOTYPES = YES;
				CLANG_WARN_SUSPICIOUS_MOVE = YES;
				CLANG_WARN_UNGUARDED_AVAILABILITY = YES_AGGRESSIVE;
				CLANG_WARN_UNREACHABLE_CODE = YES;
				CLANG_WARN__DUPLICATE_METHOD_MATCH = YES;
				COPY_PHASE_STRIP = NO;
				DEBUG_INFORMATION_FORMAT = "dwarf-with-dsym";
				ENABLE_NS_ASSERTIONS = NO;
				ENABLE_STRICT_OBJC_MSGSEND = YES;
				GCC_C_LANGUAGE_STANDARD = gnu11;
				GCC_NO_COMMON_BLOCKS = YES;
				GCC_WARN_64_TO_32_BIT_CONVERSION = YES;
				GCC_WARN_ABOUT_RETURN_TYPE = YES_ERROR;
				GCC_WARN_UNDECLARED_SELECTOR = YES;
				GCC_WARN_UNINITIALIZED_AUTOS = YES_AGGRESSIVE;
				GCC_WARN_UNUSED_FUNCTION = YES;
				GCC_WARN_UNUSED_VARIABLE = YES;
				IPHONEOS_DEPLOYMENT_TARGET = 15.4;
				MTL_ENABLE_DEBUG_INFO = NO;
				MTL_FAST_MATH = YES;
				SDKROOT = iphoneos;
				SWIFT_COMPILATION_MODE = wholemodule;
				SWIFT_OPTIMIZATION_LEVEL = "-O";
				VALIDATE_PRODUCT = YES;
			};
			name = Release;
		};
		2694040729C5E0910074D8DA /* Debug */ = {
			isa = XCBuildConfiguration;
			buildSettings = {
				ASSETCATALOG_COMPILER_APPICON_NAME = AppIcon;
				ASSETCATALOG_COMPILER_GLOBAL_ACCENT_COLOR_NAME = AccentColor;
				CODE_SIGN_STYLE = Automatic;
				CURRENT_PROJECT_VERSION = 1;
				DEVELOPMENT_TEAM = BJBJZ49544;
				GENERATE_INFOPLIST_FILE = YES;
				INFOPLIST_FILE = iOSTestDemo_S/Info.plist;
				INFOPLIST_KEY_UIApplicationSupportsIndirectInputEvents = YES;
				INFOPLIST_KEY_UILaunchStoryboardName = LaunchScreen;
				INFOPLIST_KEY_UIMainStoryboardFile = Main;
				INFOPLIST_KEY_UISupportedInterfaceOrientations_iPad = "UIInterfaceOrientationPortrait UIInterfaceOrientationPortraitUpsideDown UIInterfaceOrientationLandscapeLeft UIInterfaceOrientationLandscapeRight";
				INFOPLIST_KEY_UISupportedInterfaceOrientations_iPhone = "UIInterfaceOrientationPortrait UIInterfaceOrientationLandscapeLeft UIInterfaceOrientationLandscapeRight";
				LD_RUNPATH_SEARCH_PATHS = (
					"$(inherited)",
					"@executable_path/Frameworks",
				);
				MARKETING_VERSION = 1.0;
				PRODUCT_BUNDLE_IDENTIFIER = "com.xzchengz.iOSTestDemo-S";
				PRODUCT_NAME = "$(TARGET_NAME)";
				SWIFT_EMIT_LOC_STRINGS = YES;
				SWIFT_VERSION = 5.0;
				TARGETED_DEVICE_FAMILY = "1,2";
			};
			name = Debug;
		};
		2694040829C5E0910074D8DA /* Release */ = {
			isa = XCBuildConfiguration;
			buildSettings = {
				ASSETCATALOG_COMPILER_APPICON_NAME = AppIcon;
				ASSETCATALOG_COMPILER_GLOBAL_ACCENT_COLOR_NAME = AccentColor;
				CODE_SIGN_STYLE = Automatic;
				CURRENT_PROJECT_VERSION = 1;
				DEVELOPMENT_TEAM = BJBJZ49544;
				GENERATE_INFOPLIST_FILE = YES;
				INFOPLIST_FILE = iOSTestDemo_S/Info.plist;
				INFOPLIST_KEY_UIApplicationSupportsIndirectInputEvents = YES;
				INFOPLIST_KEY_UILaunchStoryboardName = LaunchScreen;
				INFOPLIST_KEY_UIMainStoryboardFile = Main;
				INFOPLIST_KEY_UISupportedInterfaceOrientations_iPad = "UIInterfaceOrientationPortrait UIInterfaceOrientationPortraitUpsideDown UIInterfaceOrientationLandscapeLeft UIInterfaceOrientationLandscapeRight";
				INFOPLIST_KEY_UISupportedInterfaceOrientations_iPhone = "UIInterfaceOrientationPortrait UIInterfaceOrientationLandscapeLeft UIInterfaceOrientationLandscapeRight";
				LD_RUNPATH_SEARCH_PATHS = (
					"$(inherited)",
					"@executable_path/Frameworks",
				);
				MARKETING_VERSION = 1.0;
				PRODUCT_BUNDLE_IDENTIFIER = "com.xzchengz.iOSTestDemo-S";
				PRODUCT_NAME = "$(TARGET_NAME)";
				SWIFT_EMIT_LOC_STRINGS = YES;
				SWIFT_VERSION = 5.0;
				TARGETED_DEVICE_FAMILY = "1,2";
			};
			name = Release;
		};
		2694040A29C5E0910074D8DA /* Debug */ = {
			isa = XCBuildConfiguration;
			buildSettings = {
				ALWAYS_EMBED_SWIFT_STANDARD_LIBRARIES = YES;
				BUNDLE_LOADER = "$(TEST_HOST)";
				CODE_SIGN_STYLE = Automatic;
				CURRENT_PROJECT_VERSION = 1;
				DEVELOPMENT_TEAM = BJBJZ49544;
				GENERATE_INFOPLIST_FILE = YES;
				IPHONEOS_DEPLOYMENT_TARGET = 15.4;
				MARKETING_VERSION = 1.0;
				PRODUCT_BUNDLE_IDENTIFIER = "com.xzchengz.iOSTestDemo-STests";
				PRODUCT_NAME = "$(TARGET_NAME)";
				SWIFT_EMIT_LOC_STRINGS = NO;
				SWIFT_VERSION = 5.0;
				TARGETED_DEVICE_FAMILY = "1,2";
				TEST_HOST = "$(BUILT_PRODUCTS_DIR)/iOSTestDemo_S.app/iOSTestDemo_S";
			};
			name = Debug;
		};
		2694040B29C5E0910074D8DA /* Release */ = {
			isa = XCBuildConfiguration;
			buildSettings = {
				ALWAYS_EMBED_SWIFT_STANDARD_LIBRARIES = YES;
				BUNDLE_LOADER = "$(TEST_HOST)";
				CODE_SIGN_STYLE = Automatic;
				CURRENT_PROJECT_VERSION = 1;
				DEVELOPMENT_TEAM = BJBJZ49544;
				GENERATE_INFOPLIST_FILE = YES;
				IPHONEOS_DEPLOYMENT_TARGET = 15.4;
				MARKETING_VERSION = 1.0;
				PRODUCT_BUNDLE_IDENTIFIER = "com.xzchengz.iOSTestDemo-STests";
				PRODUCT_NAME = "$(TARGET_NAME)";
				SWIFT_EMIT_LOC_STRINGS = NO;
				SWIFT_VERSION = 5.0;
				TARGETED_DEVICE_FAMILY = "1,2";
				TEST_HOST = "$(BUILT_PRODUCTS_DIR)/iOSTestDemo_S.app/iOSTestDemo_S";
			};
			name = Release;
		};
		2694040D29C5E0910074D8DA /* Debug */ = {
			isa = XCBuildConfiguration;
			buildSettings = {
				ALWAYS_EMBED_SWIFT_STANDARD_LIBRARIES = YES;
				CODE_SIGN_STYLE = Automatic;
				CURRENT_PROJECT_VERSION = 1;
				DEVELOPMENT_TEAM = BJBJZ49544;
				GENERATE_INFOPLIST_FILE = YES;
				MARKETING_VERSION = 1.0;
				PRODUCT_BUNDLE_IDENTIFIER = "com.xzchengz.iOSTestDemo-SUITests";
				PRODUCT_NAME = "$(TARGET_NAME)";
				SWIFT_EMIT_LOC_STRINGS = NO;
				SWIFT_VERSION = 5.0;
				TARGETED_DEVICE_FAMILY = "1,2";
				TEST_TARGET_NAME = iOSTestDemo_S;
			};
			name = Debug;
		};
		2694040E29C5E0910074D8DA /* Release */ = {
			isa = XCBuildConfiguration;
			buildSettings = {
				ALWAYS_EMBED_SWIFT_STANDARD_LIBRARIES = YES;
				CODE_SIGN_STYLE = Automatic;
				CURRENT_PROJECT_VERSION = 1;
				DEVELOPMENT_TEAM = BJBJZ49544;
				GENERATE_INFOPLIST_FILE = YES;
				MARKETING_VERSION = 1.0;
				PRODUCT_BUNDLE_IDENTIFIER = "com.xzchengz.iOSTestDemo-SUITests";
				PRODUCT_NAME = "$(TARGET_NAME)";
				SWIFT_EMIT_LOC_STRINGS = NO;
				SWIFT_VERSION = 5.0;
				TARGETED_DEVICE_FAMILY = "1,2";
				TEST_TARGET_NAME = iOSTestDemo_S;
			};
			name = Release;
		};
/* End XCBuildConfiguration section */

/* Begin XCConfigurationList section */
		269403D429C5E08F0074D8DA /* Build configuration list for PBXProject "iOSTestDemo_S" */ = {
			isa = XCConfigurationList;
			buildConfigurations = (
				2694040429C5E0910074D8DA /* Debug */,
				2694040529C5E0910074D8DA /* Release */,
			);
			defaultConfigurationIsVisible = 0;
			defaultConfigurationName = Release;
		};
		2694040629C5E0910074D8DA /* Build configuration list for PBXNativeTarget "iOSTestDemo_S" */ = {
			isa = XCConfigurationList;
			buildConfigurations = (
				2694040729C5E0910074D8DA /* Debug */,
				2694040829C5E0910074D8DA /* Release */,
			);
			defaultConfigurationIsVisible = 0;
			defaultConfigurationName = Release;
		};
		2694040929C5E0910074D8DA /* Build configuration list for PBXNativeTarget "iOSTestDemo_STests" */ = {
			isa = XCConfigurationList;
			buildConfigurations = (
				2694040A29C5E0910074D8DA /* Debug */,
				2694040B29C5E0910074D8DA /* Release */,
			);
			defaultConfigurationIsVisible = 0;
			defaultConfigurationName = Release;
		};
		2694040C29C5E0910074D8DA /* Build configuration list for PBXNativeTarget "iOSTestDemo_SUITests" */ = {
			isa = XCConfigurationList;
			buildConfigurations = (
				2694040D29C5E0910074D8DA /* Debug */,
				2694040E29C5E0910074D8DA /* Release */,
			);
			defaultConfigurationIsVisible = 0;
			defaultConfigurationName = Release;
		};
/* End XCConfigurationList section */

/* Begin XCVersionGroup section */
		269403E529C5E08F0074D8DA /* iOSTestDemo_S.xcdatamodeld */ = {
			isa = XCVersionGroup;
			children = (
				269403E629C5E08F0074D8DA /* iOSTestDemo_S.xcdatamodel */,
			);
			currentVersion = 269403E629C5E08F0074D8DA /* iOSTestDemo_S.xcdatamodel */;
			path = iOSTestDemo_S.xcdatamodeld;
			sourceTree = "<group>";
			versionGroupType = wrapper.xcdatamodel;
		};
/* End XCVersionGroup section */
	};
	rootObject = 269403D129C5E08F0074D8DA /* Project object */;
}
