// !$*UTF8*$!
{
	archiveVersion = 1;
	classes = {
	};
	objectVersion = 55;
	objects = {

/* Begin PBXBuildFile section */
		26775CC529DFA44100707C8C /* LandmarksApp.swift in Sources */ = {isa = PBXBuildFile; fileRef = 26775CC429DFA44100707C8C /* LandmarksApp.swift */; };
		26775CC729DFA44100707C8C /* ContentView.swift in Sources */ = {isa = PBXBuildFile; fileRef = 26775CC629DFA44100707C8C /* ContentView.swift */; };
		26775CC929DFA44300707C8C /* Assets.xcassets in Resources */ = {isa = PBXBuildFile; fileRef = 26775CC829DFA44300707C8C /* Assets.xcassets */; };
		26775CCC29DFA44300707C8C /* Preview Assets.xcassets in Resources */ = {isa = PBXBuildFile; fileRef = 26775CCB29DFA44300707C8C /* Preview Assets.xcassets */; };
		26775CD329DFAC7E00707C8C /* CircleImage.swift in Sources */ = {isa = PBXBuildFile; fileRef = 26775CD229DFAC7E00707C8C /* CircleImage.swift */; };
		26775CD529DFAD8D00707C8C /* MapView.swift in Sources */ = {isa = PBXBuildFile; fileRef = 26775CD429DFAD8D00707C8C /* MapView.swift */; };
		26775CD729DFD48300707C8C /* Landmark.swift in Sources */ = {isa = PBXBuildFile; fileRef = 26775CD629DFD48300707C8C /* Landmark.swift */; };
		26775CD929DFD65100707C8C /* ModelData.swift in Sources */ = {isa = PBXBuildFile; fileRef = 26775CD829DFD65100707C8C /* ModelData.swift */; };
		26775CDF29DFE17B00707C8C /* LandmarkRow.swift in Sources */ = {isa = PBXBuildFile; fileRef = 26775CDE29DFE17B00707C8C /* LandmarkRow.swift */; };
		26775CE329DFE4F400707C8C /* landmarkData.json in Resources */ = {isa = PBXBuildFile; fileRef = 26775CE229DFE4F400707C8C /* landmarkData.json */; };
		26775CE529DFE5D000707C8C /* LandmarkList.swift in Sources */ = {isa = PBXBuildFile; fileRef = 26775CE429DFE5D000707C8C /* LandmarkList.swift */; };
		26775CE729DFE6B300707C8C /* LandmarkDetail.swift in Sources */ = {isa = PBXBuildFile; fileRef = 26775CE629DFE6B300707C8C /* LandmarkDetail.swift */; };
/* End PBXBuildFile section */

/* Begin PBXFileReference section */
		26775CC129DFA44100707C8C /* Landmarks.app */ = {isa = PBXFileReference; explicitFileType = wrapper.application; includeInIndex = 0; path = Landmarks.app; sourceTree = BUILT_PRODUCTS_DIR; };
		26775CC429DFA44100707C8C /* LandmarksApp.swift */ = {isa = PBXFileReference; lastKnownFileType = sourcecode.swift; path = LandmarksApp.swift; sourceTree = "<group>"; };
		26775CC629DFA44100707C8C /* ContentView.swift */ = {isa = PBXFileReference; lastKnownFileType = sourcecode.swift; path = ContentView.swift; sourceTree = "<group>"; };
		26775CC829DFA44300707C8C /* Assets.xcassets */ = {isa = PBXFileReference; lastKnownFileType = folder.assetcatalog; path = Assets.xcassets; sourceTree = "<group>"; };
		26775CCB29DFA44300707C8C /* Preview Assets.xcassets */ = {isa = PBXFileReference; lastKnownFileType = folder.assetcatalog; path = "Preview Assets.xcassets"; sourceTree = "<group>"; };
		26775CD229DFAC7E00707C8C /* CircleImage.swift */ = {isa = PBXFileReference; lastKnownFileType = sourcecode.swift; path = CircleImage.swift; sourceTree = "<group>"; };
		26775CD429DFAD8D00707C8C /* MapView.swift */ = {isa = PBXFileReference; lastKnownFileType = sourcecode.swift; path = MapView.swift; sourceTree = "<group>"; };
		26775CD629DFD48300707C8C /* Landmark.swift */ = {isa = PBXFileReference; lastKnownFileType = sourcecode.swift; path = Landmark.swift; sourceTree = "<group>"; };
		26775CD829DFD65100707C8C /* ModelData.swift */ = {isa = PBXFileReference; lastKnownFileType = sourcecode.swift; path = ModelData.swift; sourceTree = "<group>"; };
		26775CDE29DFE17B00707C8C /* LandmarkRow.swift */ = {isa = PBXFileReference; lastKnownFileType = sourcecode.swift; path = LandmarkRow.swift; sourceTree = "<group>"; };
		26775CE229DFE4F400707C8C /* landmarkData.json */ = {isa = PBXFileReference; fileEncoding = 4; lastKnownFileType = text.json; name = landmarkData.json; path = Resources/landmarkData.json; sourceTree = SOURCE_ROOT; };
		26775CE429DFE5D000707C8C /* LandmarkList.swift */ = {isa = PBXFileReference; lastKnownFileType = sourcecode.swift; path = LandmarkList.swift; sourceTree = "<group>"; };
		26775CE629DFE6B300707C8C /* LandmarkDetail.swift */ = {isa = PBXFileReference; lastKnownFileType = sourcecode.swift; path = LandmarkDetail.swift; sourceTree = "<group>"; };
/* End PBXFileReference section */

/* Begin PBXFrameworksBuildPhase section */
		26775CBE29DFA44100707C8C /* Frameworks */ = {
			isa = PBXFrameworksBuildPhase;
			buildActionMask = 2147483647;
			files = (
			);
			runOnlyForDeploymentPostprocessing = 0;
		};
/* End PBXFrameworksBuildPhase section */

/* Begin PBXGroup section */
		26775CB829DFA44100707C8C = {
			isa = PBXGroup;
			children = (
				26775CC329DFA44100707C8C /* Landmarks */,
				26775CC229DFA44100707C8C /* Products */,
			);
			sourceTree = "<group>";
		};
		26775CC229DFA44100707C8C /* Products */ = {
			isa = PBXGroup;
			children = (
				26775CC129DFA44100707C8C /* Landmarks.app */,
			);
			name = Products;
			sourceTree = "<group>";
		};
		26775CC329DFA44100707C8C /* Landmarks */ = {
			isa = PBXGroup;
			children = (
				26775CC429DFA44100707C8C /* LandmarksApp.swift */,
				26775CDA29DFD82A00707C8C /* Views */,
				26775CDB29DFD83F00707C8C /* Model */,
				26775CDC29DFD85000707C8C /* Resources */,
				26775CC829DFA44300707C8C /* Assets.xcassets */,
				26775CCA29DFA44300707C8C /* Preview Content */,
			);
			path = Landmarks;
			sourceTree = "<group>";
		};
		26775CCA29DFA44300707C8C /* Preview Content */ = {
			isa = PBXGroup;
			children = (
				26775CCB29DFA44300707C8C /* Preview Assets.xcassets */,
			);
			path = "Preview Content";
			sourceTree = "<group>";
		};
		26775CDA29DFD82A00707C8C /* Views */ = {
			isa = PBXGroup;
			children = (
				26775CC629DFA44100707C8C /* ContentView.swift */,
				26775CD429DFAD8D00707C8C /* MapView.swift */,
				26775CD229DFAC7E00707C8C /* CircleImage.swift */,
				26775CDE29DFE17B00707C8C /* LandmarkRow.swift */,
				26775CE429DFE5D000707C8C /* LandmarkList.swift */,
				26775CE629DFE6B300707C8C /* LandmarkDetail.swift */,
			);
			path = Views;
			sourceTree = "<group>";
		};
		26775CDB29DFD83F00707C8C /* Model */ = {
			isa = PBXGroup;
			children = (
				26775CD629DFD48300707C8C /* Landmark.swift */,
				26775CD829DFD65100707C8C /* ModelData.swift */,
			);
			path = Model;
			sourceTree = "<group>";
		};
		26775CDC29DFD85000707C8C /* Resources */ = {
			isa = PBXGroup;
			children = (
				26775CE229DFE4F400707C8C /* landmarkData.json */,
			);
			path = Resources;
			sourceTree = "<group>";
		};
/* End PBXGroup section */

/* Begin PBXNativeTarget section */
		26775CC029DFA44100707C8C /* Landmarks */ = {
			isa = PBXNativeTarget;
			buildConfigurationList = 26775CCF29DFA44300707C8C /* Build configuration list for PBXNativeTarget "Landmarks" */;
			buildPhases = (
				26775CBD29DFA44100707C8C /* Sources */,
				26775CBE29DFA44100707C8C /* Frameworks */,
				26775CBF29DFA44100707C8C /* Resources */,
			);
			buildRules = (
			);
			dependencies = (
			);
			name = Landmarks;
			productName = Landmarks;
			productReference = 26775CC129DFA44100707C8C /* Landmarks.app */;
			productType = "com.apple.product-type.application";
		};
/* End PBXNativeTarget section */

/* Begin PBXProject section */
		26775CB929DFA44100707C8C /* Project object */ = {
			isa = PBXProject;
			attributes = {
				BuildIndependentTargetsInParallel = 1;
				LastSwiftUpdateCheck = 1330;
				LastUpgradeCheck = 1330;
				TargetAttributes = {
					26775CC029DFA44100707C8C = {
						CreatedOnToolsVersion = 13.3;
					};
				};
			};
			buildConfigurationList = 26775CBC29DFA44100707C8C /* Build configuration list for PBXProject "Landmarks" */;
			compatibilityVersion = "Xcode 13.0";
			developmentRegion = en;
			hasScannedForEncodings = 0;
			knownRegions = (
				en,
				Base,
			);
			mainGroup = 26775CB829DFA44100707C8C;
			productRefGroup = 26775CC229DFA44100707C8C /* Products */;
			projectDirPath = "";
			projectRoot = "";
			targets = (
				26775CC029DFA44100707C8C /* Landmarks */,
			);
		};
/* End PBXProject section */

/* Begin PBXResourcesBuildPhase section */
		26775CBF29DFA44100707C8C /* Resources */ = {
			isa = PBXResourcesBuildPhase;
			buildActionMask = 2147483647;
			files = (
				26775CCC29DFA44300707C8C /* Preview Assets.xcassets in Resources */,
				26775CC929DFA44300707C8C /* Assets.xcassets in Resources */,
				26775CE329DFE4F400707C8C /* landmarkData.json in Resources */,
			);
			runOnlyForDeploymentPostprocessing = 0;
		};
/* End PBXResourcesBuildPhase section */

/* Begin PBXSourcesBuildPhase section */
		26775CBD29DFA44100707C8C /* Sources */ = {
			isa = PBXSourcesBuildPhase;
			buildActionMask = 2147483647;
			files = (
				26775CC729DFA44100707C8C /* ContentView.swift in Sources */,
				26775CD529DFAD8D00707C8C /* MapView.swift in Sources */,
				26775CC529DFA44100707C8C /* LandmarksApp.swift in Sources */,
				26775CE529DFE5D000707C8C /* LandmarkList.swift in Sources */,
				26775CE729DFE6B300707C8C /* LandmarkDetail.swift in Sources */,
				26775CD329DFAC7E00707C8C /* CircleImage.swift in Sources */,
				26775CD729DFD48300707C8C /* Landmark.swift in Sources */,
				26775CDF29DFE17B00707C8C /* LandmarkRow.swift in Sources */,
				26775CD929DFD65100707C8C /* ModelData.swift in Sources */,
			);
			runOnlyForDeploymentPostprocessing = 0;
		};
/* End PBXSourcesBuildPhase section */

/* Begin XCBuildConfiguration section */
		26775CCD29DFA44300707C8C /* Debug */ = {
			isa = XCBuildConfiguration;
			buildSettings = {
				ALWAYS_SEARCH_USER_PATHS = NO;
				CLANG_ANALYZER_NONNULL = YES;
				CLANG_ANALYZER_NUMBER_OBJECT_CONVERSION = YES_AGGRESSIVE;
				CLANG_CXX_LANGUAGE_STANDARD = "gnu++17";
				CLANG_ENABLE_MODULES = YES;
				CLANG_ENABLE_OBJC_ARC = YES;
				CLANG_ENABLE_OBJC_WEAK = YES;
				CLANG_WARN_BLOCK_CAPTURE_AUTORELEASING = YES;
				CLANG_WARN_BOOL_CONVERSION = YES;
				CLANG_WARN_COMMA = YES;
				CLANG_WARN_CONSTANT_CONVERSION = YES;
				CLANG_WARN_DEPRECATED_OBJC_IMPLEMENTATIONS = YES;
				CLANG_WARN_DIRECT_OBJC_ISA_USAGE = YES_ERROR;
				CLANG_WARN_DOCUMENTATION_COMMENTS = YES;
				CLANG_WARN_EMPTY_BODY = YES;
				CLANG_WARN_ENUM_CONVERSION = YES;
				CLANG_WARN_INFINITE_RECURSION = YES;
				CLANG_WARN_INT_CONVERSION = YES;
				CLANG_WARN_NON_LITERAL_NULL_CONVERSION = YES;
				CLANG_WARN_OBJC_IMPLICIT_RETAIN_SELF = YES;
				CLANG_WARN_OBJC_LITERAL_CONVERSION = YES;
				CLANG_WARN_OBJC_ROOT_CLASS = YES_ERROR;
				CLANG_WARN_QUOTED_INCLUDE_IN_FRAMEWORK_HEADER = YES;
				CLANG_WARN_RANGE_LOOP_ANALYSIS = YES;
				CLANG_WARN_STRICT_PROTOTYPES = YES;
				CLANG_WARN_SUSPICIOUS_MOVE = YES;
				CLANG_WARN_UNGUARDED_AVAILABILITY = YES_AGGRESSIVE;
				CLANG_WARN_UNREACHABLE_CODE = YES;
				CLANG_WARN__DUPLICATE_METHOD_MATCH = YES;
				COPY_PHASE_STRIP = NO;
				DEBUG_INFORMATION_FORMAT = dwarf;
				ENABLE_STRICT_OBJC_MSGSEND = YES;
				ENABLE_TESTABILITY = YES;
				GCC_C_LANGUAGE_STANDARD = gnu11;
				GCC_DYNAMIC_NO_PIC = NO;
				GCC_NO_COMMON_BLOCKS = YES;
				GCC_OPTIMIZATION_LEVEL = 0;
				GCC_PREPROCESSOR_DEFINITIONS = (
					"DEBUG=1",
					"$(inherited)",
				);
				GCC_WARN_64_TO_32_BIT_CONVERSION = YES;
				GCC_WARN_ABOUT_RETURN_TYPE = YES_ERROR;
				GCC_WARN_UNDECLARED_SELECTOR = YES;
				GCC_WARN_UNINITIALIZED_AUTOS = YES_AGGRESSIVE;
				GCC_WARN_UNUSED_FUNCTION = YES;
				GCC_WARN_UNUSED_VARIABLE = YES;
				IPHONEOS_DEPLOYMENT_TARGET = 15.4;
				MTL_ENABLE_DEBUG_INFO = INCLUDE_SOURCE;
				MTL_FAST_MATH = YES;
				ONLY_ACTIVE_ARCH = YES;
				SDKROOT = iphoneos;
				SWIFT_ACTIVE_COMPILATION_CONDITIONS = DEBUG;
				SWIFT_OPTIMIZATION_LEVEL = "-Onone";
			};
			name = Debug;
		};
		26775CCE29DFA44300707C8C /* Release */ = {
			isa = XCBuildConfiguration;
			buildSettings = {
				ALWAYS_SEARCH_USER_PATHS = NO;
				CLANG_ANALYZER_NONNULL = YES;
				CLANG_ANALYZER_NUMBER_OBJECT_CONVERSION = YES_AGGRESSIVE;
				CLANG_CXX_LANGUAGE_STANDARD = "gnu++17";
				CLANG_ENABLE_MODULES = YES;
				CLANG_ENABLE_OBJC_ARC = YES;
				CLANG_ENABLE_OBJC_WEAK = YES;
				CLANG_WARN_BLOCK_CAPTURE_AUTORELEASING = YES;
				CLANG_WARN_BOOL_CONVERSION = YES;
				CLANG_WARN_COMMA = YES;
				CLANG_WARN_CONSTANT_CONVERSION = YES;
				CLANG_WARN_DEPRECATED_OBJC_IMPLEMENTATIONS = YES;
				CLANG_WARN_DIRECT_OBJC_ISA_USAGE = YES_ERROR;
				CLANG_WARN_DOCUMENTATION_COMMENTS = YES;
				CLANG_WARN_EMPTY_BODY = YES;
				CLANG_WARN_ENUM_CONVERSION = YES;
				CLANG_WARN_INFINITE_RECURSION = YES;
				CLANG_WARN_INT_CONVERSION = YES;
				CLANG_WARN_NON_LITERAL_NULL_CONVERSION = YES;
				CLANG_WARN_OBJC_IMPLICIT_RETAIN_SELF = YES;
				CLANG_WARN_OBJC_LITERAL_CONVERSION = YES;
				CLANG_WARN_OBJC_ROOT_CLASS = YES_ERROR;
				CLANG_WARN_QUOTED_INCLUDE_IN_FRAMEWORK_HEADER = YES;
				CLANG_WARN_RANGE_LOOP_ANALYSIS = YES;
				CLANG_WARN_STRICT_PROTOTYPES = YES;
				CLANG_WARN_SUSPICIOUS_MOVE = YES;
				CLANG_WARN_UNGUARDED_AVAILABILITY = YES_AGGRESSIVE;
				CLANG_WARN_UNREACHABLE_CODE = YES;
				CLANG_WARN__DUPLICATE_METHOD_MATCH = YES;
				COPY_PHASE_STRIP = NO;
				DEBUG_INFORMATION_FORMAT = "dwarf-with-dsym";
				ENABLE_NS_ASSERTIONS = NO;
				ENABLE_STRICT_OBJC_MSGSEND = YES;
				GCC_C_LANGUAGE_STANDARD = gnu11;
				GCC_NO_COMMON_BLOCKS = YES;
				GCC_WARN_64_TO_32_BIT_CONVERSION = YES;
				GCC_WARN_ABOUT_RETURN_TYPE = YES_ERROR;
				GCC_WARN_UNDECLARED_SELECTOR = YES;
				GCC_WARN_UNINITIALIZED_AUTOS = YES_AGGRESSIVE;
				GCC_WARN_UNUSED_FUNCTION = YES;
				GCC_WARN_UNUSED_VARIABLE = YES;
				IPHONEOS_DEPLOYMENT_TARGET = 15.4;
				MTL_ENABLE_DEBUG_INFO = NO;
				MTL_FAST_MATH = YES;
				SDKROOT = iphoneos;
				SWIFT_COMPILATION_MODE = wholemodule;
				SWIFT_OPTIMIZATION_LEVEL = "-O";
				VALIDATE_PRODUCT = YES;
			};
			name = Release;
		};
		26775CD029DFA44300707C8C /* Debug */ = {
			isa = XCBuildConfiguration;
			buildSettings = {
				ASSETCATALOG_COMPILER_APPICON_NAME = AppIcon;
				ASSETCATALOG_COMPILER_GLOBAL_ACCENT_COLOR_NAME = AccentColor;
				CODE_SIGN_STYLE = Automatic;
				CURRENT_PROJECT_VERSION = 1;
				DEVELOPMENT_ASSET_PATHS = "\"Landmarks/Preview Content\"";
				DEVELOPMENT_TEAM = BJBJZ49544;
				ENABLE_PREVIEWS = YES;
				GENERATE_INFOPLIST_FILE = YES;
				INFOPLIST_KEY_UIApplicationSceneManifest_Generation = YES;
				INFOPLIST_KEY_UIApplicationSupportsIndirectInputEvents = YES;
				INFOPLIST_KEY_UILaunchScreen_Generation = YES;
				INFOPLIST_KEY_UISupportedInterfaceOrientations_iPad = "UIInterfaceOrientationPortrait UIInterfaceOrientationPortraitUpsideDown UIInterfaceOrientationLandscapeLeft UIInterfaceOrientationLandscapeRight";
				INFOPLIST_KEY_UISupportedInterfaceOrientations_iPhone = "UIInterfaceOrientationPortrait UIInterfaceOrientationLandscapeLeft UIInterfaceOrientationLandscapeRight";
				LD_RUNPATH_SEARCH_PATHS = (
					"$(inherited)",
					"@executable_path/Frameworks",
				);
				MARKETING_VERSION = 1.0;
				PRODUCT_BUNDLE_IDENTIFIER = com.xzchengz.Landmarks;
				PRODUCT_NAME = "$(TARGET_NAME)";
				SWIFT_EMIT_LOC_STRINGS = YES;
				SWIFT_VERSION = 5.0;
				TARGETED_DEVICE_FAMILY = "1,2";
			};
			name = Debug;
		};
		26775CD129DFA44300707C8C /* Release */ = {
			isa = XCBuildConfiguration;
			buildSettings = {
				ASSETCATALOG_COMPILER_APPICON_NAME = AppIcon;
				ASSETCATALOG_COMPILER_GLOBAL_ACCENT_COLOR_NAME = AccentColor;
				CODE_SIGN_STYLE = Automatic;
				CURRENT_PROJECT_VERSION = 1;
				DEVELOPMENT_ASSET_PATHS = "\"Landmarks/Preview Content\"";
				DEVELOPMENT_TEAM = BJBJZ49544;
				ENABLE_PREVIEWS = YES;
				GENERATE_INFOPLIST_FILE = YES;
				INFOPLIST_KEY_UIApplicationSceneManifest_Generation = YES;
				INFOPLIST_KEY_UIApplicationSupportsIndirectInputEvents = YES;
				INFOPLIST_KEY_UILaunchScreen_Generation = YES;
				INFOPLIST_KEY_UISupportedInterfaceOrientations_iPad = "UIInterfaceOrientationPortrait UIInterfaceOrientationPortraitUpsideDown UIInterfaceOrientationLandscapeLeft UIInterfaceOrientationLandscapeRight";
				INFOPLIST_KEY_UISupportedInterfaceOrientations_iPhone = "UIInterfaceOrientationPortrait UIInterfaceOrientationLandscapeLeft UIInterfaceOrientationLandscapeRight";
				LD_RUNPATH_SEARCH_PATHS = (
					"$(inherited)",
					"@executable_path/Frameworks",
				);
				MARKETING_VERSION = 1.0;
				PRODUCT_BUNDLE_IDENTIFIER = com.xzchengz.Landmarks;
				PRODUCT_NAME = "$(TARGET_NAME)";
				SWIFT_EMIT_LOC_STRINGS = YES;
				SWIFT_VERSION = 5.0;
				TARGETED_DEVICE_FAMILY = "1,2";
			};
			name = Release;
		};
/* End XCBuildConfiguration section */

/* Begin XCConfigurationList section */
		26775CBC29DFA44100707C8C /* Build configuration list for PBXProject "Landmarks" */ = {
			isa = XCConfigurationList;
			buildConfigurations = (
				26775CCD29DFA44300707C8C /* Debug */,
				26775CCE29DFA44300707C8C /* Release */,
			);
			defaultConfigurationIsVisible = 0;
			defaultConfigurationName = Release;
		};
		26775CCF29DFA44300707C8C /* Build configuration list for PBXNativeTarget "Landmarks" */ = {
			isa = XCConfigurationList;
			buildConfigurations = (
				26775CD029DFA44300707C8C /* Debug */,
				26775CD129DFA44300707C8C /* Release */,
			);
			defaultConfigurationIsVisible = 0;
			defaultConfigurationName = Release;
		};
/* End XCConfigurationList section */
	};
	rootObject = 26775CB929DFA44100707C8C /* Project object */;
}
